{
  "name": "cmux-team",
  "version": "2.19.0",
  "lockfileVersion": 3,
  "requires": true,
  "packages": {
    "": {
      "name": "cmux-team",
      "version": "2.19.0",
      "hasInstallScript": true,
      "license": "MIT",
      "bin": {
        "cmux-team": "bin/cmux-team.js"
      },
      "engines": {
        "node": ">=18"
      }
    }
  }
}
